
Microsoft Visual Studio Solution File, Format Version 12.00
# Visual Studio 15
VisualStudioVersion = 15.0.28010.2036
MinimumVisualStudioVersion = 10.0.40219.1
Project("{9A19103F-16F7-4668-BE54-9A1E7A4F7556}") = "AspNetCorePdf", "AspNetCorePdf\AspNetCorePdf.csproj", "{A981D60C-227C-4CCF-91C3-B7BB04220581}"
EndProject
Project("{9A19103F-16F7-4668-BE54-9A1E7A4F7556}") = "PdfSharp", "PdfSharp\PdfSharp.csproj", "{DCB309C6-BE42-42EB-B6C0-E765EE75F21C}"
EndProject
Project("{2150E333-8FDC-42A3-9474-1A3956D46DE8}") = "Solution Items", "Solution Items", "{759CA183-EF97-4E08-B68F-9FBEABFC0C88}"
	ProjectSection(SolutionItems) = preProject
		readme.md = readme.md
	EndProjectSection
EndProject
Project("{9A19103F-16F7-4668-BE54-9A1E7A4F7556}") = "PdfSharp.Charting", "PdfSharp.Charting\PdfSharp.Charting.csproj", "{FB88DA7D-269B-4492-8FCF-DD215F911EF3}"
EndProject
Project("{9A19103F-16F7-4668-BE54-9A1E7A4F7556}") = "MigraDoc.DocumentObjectModel", "MigraDoc.DocumentObjectModel\MigraDoc.DocumentObjectModel.csproj", "{91B2BC3F-91E7-4FB5-9349-DDD1B3BA528E}"
EndProject
Project("{9A19103F-16F7-4668-BE54-9A1E7A4F7556}") = "MigraDoc.Rendering", "MigraDoc.Rendering\MigraDoc.Rendering.csproj", "{1494DD98-EEE5-49BD-B420-1F8253E594A9}"
EndProject
Project("{2150E333-8FDC-42A3-9474-1A3956D46DE8}") = "PDFSharpMigraDoc", "PDFSharpMigraDoc", "{428F115E-27DA-478A-8A4D-815FF8265C43}"
EndProject
Project("{FAE04EC0-301F-11D3-BF4B-00C04F79EFBC}") = "PDFSharpMigraDocAll", "PDFSharpMigraDocAll\PDFSharpMigraDocAll.csproj", "{693DAB27-1FC9-4769-B0FA-03C56E5D1849}"
EndProject
Project("{9A19103F-16F7-4668-BE54-9A1E7A4F7556}") = "MigraDoc.RtfRendering", "MigraDoc.RtfRendering\MigraDoc.RtfRendering.csproj", "{A30F584D-EEA4-4E03-86B6-2B995773D832}"
EndProject
Global
	GlobalSection(SolutionConfigurationPlatforms) = preSolution
		Debug|Any CPU = Debug|Any CPU
		Release|Any CPU = Release|Any CPU
	EndGlobalSection
	GlobalSection(ProjectConfigurationPlatforms) = postSolution
		{A981D60C-227C-4CCF-91C3-B7BB04220581}.Debug|Any CPU.ActiveCfg = Debug|Any CPU
		{A981D60C-227C-4CCF-91C3-B7BB04220581}.Debug|Any CPU.Build.0 = Debug|Any CPU
		{A981D60C-227C-4CCF-91C3-B7BB04220581}.Release|Any CPU.ActiveCfg = Release|Any CPU
		{A981D60C-227C-4CCF-91C3-B7BB04220581}.Release|Any CPU.Build.0 = Release|Any CPU
		{DCB309C6-BE42-42EB-B6C0-E765EE75F21C}.Debug|Any CPU.ActiveCfg = Debug|Any CPU
		{DCB309C6-BE42-42EB-B6C0-E765EE75F21C}.Debug|Any CPU.Build.0 = Debug|Any CPU
		{DCB309C6-BE42-42EB-B6C0-E765EE75F21C}.Release|Any CPU.ActiveCfg = Release|Any CPU
		{DCB309C6-BE42-42EB-B6C0-E765EE75F21C}.Release|Any CPU.Build.0 = Release|Any CPU
		{FB88DA7D-269B-4492-8FCF-DD215F911EF3}.Debug|Any CPU.ActiveCfg = Debug|Any CPU
		{FB88DA7D-269B-4492-8FCF-DD215F911EF3}.Debug|Any CPU.Build.0 = Debug|Any CPU
		{FB88DA7D-269B-4492-8FCF-DD215F911EF3}.Release|Any CPU.ActiveCfg = Release|Any CPU
		{FB88DA7D-269B-4492-8FCF-DD215F911EF3}.Release|Any CPU.Build.0 = Release|Any CPU
		{91B2BC3F-91E7-4FB5-9349-DDD1B3BA528E}.Debug|Any CPU.ActiveCfg = Debug|Any CPU
		{91B2BC3F-91E7-4FB5-9349-DDD1B3BA528E}.Debug|Any CPU.Build.0 = Debug|Any CPU
		{91B2BC3F-91E7-4FB5-9349-DDD1B3BA528E}.Release|Any CPU.ActiveCfg = Release|Any CPU
		{91B2BC3F-91E7-4FB5-9349-DDD1B3BA528E}.Release|Any CPU.Build.0 = Release|Any CPU
		{1494DD98-EEE5-49BD-B420-1F8253E594A9}.Debug|Any CPU.ActiveCfg = Debug|Any CPU
		{1494DD98-EEE5-49BD-B420-1F8253E594A9}.Debug|Any CPU.Build.0 = Debug|Any CPU
		{1494DD98-EEE5-49BD-B420-1F8253E594A9}.Release|Any CPU.ActiveCfg = Release|Any CPU
		{1494DD98-EEE5-49BD-B420-1F8253E594A9}.Release|Any CPU.Build.0 = Release|Any CPU
		{693DAB27-1FC9-4769-B0FA-03C56E5D1849}.Debug|Any CPU.ActiveCfg = Debug|Any CPU
		{693DAB27-1FC9-4769-B0FA-03C56E5D1849}.Debug|Any CPU.Build.0 = Debug|Any CPU
		{693DAB27-1FC9-4769-B0FA-03C56E5D1849}.Release|Any CPU.ActiveCfg = Release|Any CPU
		{693DAB27-1FC9-4769-B0FA-03C56E5D1849}.Release|Any CPU.Build.0 = Release|Any CPU
		{A30F584D-EEA4-4E03-86B6-2B995773D832}.Debug|Any CPU.ActiveCfg = Debug|Any CPU
		{A30F584D-EEA4-4E03-86B6-2B995773D832}.Debug|Any CPU.Build.0 = Debug|Any CPU
		{A30F584D-EEA4-4E03-86B6-2B995773D832}.Release|Any CPU.ActiveCfg = Release|Any CPU
		{A30F584D-EEA4-4E03-86B6-2B995773D832}.Release|Any CPU.Build.0 = Release|Any CPU
	EndGlobalSection
	GlobalSection(SolutionProperties) = preSolution
		HideSolutionNode = FALSE
	EndGlobalSection
	GlobalSection(NestedProjects) = preSolution
		{DCB309C6-BE42-42EB-B6C0-E765EE75F21C} = {428F115E-27DA-478A-8A4D-815FF8265C43}
		{FB88DA7D-269B-4492-8FCF-DD215F911EF3} = {428F115E-27DA-478A-8A4D-815FF8265C43}
		{91B2BC3F-91E7-4FB5-9349-DDD1B3BA528E} = {428F115E-27DA-478A-8A4D-815FF8265C43}
		{1494DD98-EEE5-49BD-B420-1F8253E594A9} = {428F115E-27DA-478A-8A4D-815FF8265C43}
		{693DAB27-1FC9-4769-B0FA-03C56E5D1849} = {428F115E-27DA-478A-8A4D-815FF8265C43}
		{A30F584D-EEA4-4E03-86B6-2B995773D832} = {428F115E-27DA-478A-8A4D-815FF8265C43}
	EndGlobalSection
	GlobalSection(ExtensibilityGlobals) = postSolution
		SolutionGuid = {7B1DA06F-27AF-4C48-BB35-A4188F139877}
	EndGlobalSection
EndGlobal
